
Microsoft Visual Studio Solution File, Format Version 12.00
# Visual Studio Version 17
VisualStudioVersion = 17.5.33516.290
MinimumVisualStudioVersion = 10.0.40219.1
Project("{FAE04EC0-301F-11D3-BF4B-00C04F79EFBC}") = "проект.UWP", "проект\проект.UWP\проект.UWP.csproj", "{61977F87-1849-47EB-A3FF-4B49686D6C19}"
EndProject
Project("{FAE04EC0-301F-11D3-BF4B-00C04F79EFBC}") = "проект.Android", "проект\проект.Android\проект.Android.csproj", "{27BB51BE-CD5B-4E79-816C-284136BD0208}"
EndProject
Project("{FAE04EC0-301F-11D3-BF4B-00C04F79EFBC}") = "проект.iOS", "проект\проект.iOS\проект.iOS.csproj", "{D0FFEFC8-D145-4438-8719-1AA561683F1A}"
EndProject
Project("{FAE04EC0-301F-11D3-BF4B-00C04F79EFBC}") = "проект", "проект\проект\проект.csproj", "{2C4062BF-D642-425C-BE82-41D40771BD81}"
EndProject
Global
	GlobalSection(SolutionConfigurationPlatforms) = preSolution
		Debug|Any CPU = Debug|Any CPU
		Debug|ARM = Debug|ARM
		Debug|iPhone = Debug|iPhone
		Debug|iPhoneSimulator = Debug|iPhoneSimulator
		Debug|x64 = Debug|x64
		Debug|x86 = Debug|x86
		Release|Any CPU = Release|Any CPU
		Release|ARM = Release|ARM
		Release|iPhone = Release|iPhone
		Release|iPhoneSimulator = Release|iPhoneSimulator
		Release|x64 = Release|x64
		Release|x86 = Release|x86
	EndGlobalSection
	GlobalSection(ProjectConfigurationPlatforms) = postSolution
		{61977F87-1849-47EB-A3FF-4B49686D6C19}.Debug|Any CPU.ActiveCfg = Debug|x64
		{61977F87-1849-47EB-A3FF-4B49686D6C19}.Debug|Any CPU.Build.0 = Debug|x64
		{61977F87-1849-47EB-A3FF-4B49686D6C19}.Debug|Any CPU.Deploy.0 = Debug|x64
		{61977F87-1849-47EB-A3FF-4B49686D6C19}.Debug|ARM.ActiveCfg = Debug|ARM
		{61977F87-1849-47EB-A3FF-4B49686D6C19}.Debug|ARM.Build.0 = Debug|ARM
		{61977F87-1849-47EB-A3FF-4B49686D6C19}.Debug|ARM.Deploy.0 = Debug|ARM
		{61977F87-1849-47EB-A3FF-4B49686D6C19}.Debug|iPhone.ActiveCfg = Debug|x64
		{61977F87-1849-47EB-A3FF-4B49686D6C19}.Debug|iPhone.Build.0 = Debug|x64
		{61977F87-1849-47EB-A3FF-4B49686D6C19}.Debug|iPhone.Deploy.0 = Debug|x64
		{61977F87-1849-47EB-A3FF-4B49686D6C19}.Debug|iPhoneSimulator.ActiveCfg = Debug|x64
		{61977F87-1849-47EB-A3FF-4B49686D6C19}.Debug|iPhoneSimulator.Build.0 = Debug|x64
		{61977F87-1849-47EB-A3FF-4B49686D6C19}.Debug|iPhoneSimulator.Deploy.0 = Debug|x64
		{61977F87-1849-47EB-A3FF-4B49686D6C19}.Debug|x64.ActiveCfg = Debug|x64
		{61977F87-1849-47EB-A3FF-4B49686D6C19}.Debug|x64.Build.0 = Debug|x64
		{61977F87-1849-47EB-A3FF-4B49686D6C19}.Debug|x64.Deploy.0 = Debug|x64
		{61977F87-1849-47EB-A3FF-4B49686D6C19}.Debug|x86.ActiveCfg = Debug|x86
		{61977F87-1849-47EB-A3FF-4B49686D6C19}.Debug|x86.Build.0 = Debug|x86
		{61977F87-1849-47EB-A3FF-4B49686D6C19}.Debug|x86.Deploy.0 = Debug|x86
		{61977F87-1849-47EB-A3FF-4B49686D6C19}.Release|Any CPU.ActiveCfg = Release|x64
		{61977F87-1849-47EB-A3FF-4B49686D6C19}.Release|Any CPU.Build.0 = Release|x64
		{61977F87-1849-47EB-A3FF-4B49686D6C19}.Release|Any CPU.Deploy.0 = Release|x64
		{61977F87-1849-47EB-A3FF-4B49686D6C19}.Release|ARM.ActiveCfg = Release|ARM
		{61977F87-1849-47EB-A3FF-4B49686D6C19}.Release|ARM.Build.0 = Release|ARM
		{61977F87-1849-47EB-A3FF-4B49686D6C19}.Release|ARM.Deploy.0 = Release|ARM
		{61977F87-1849-47EB-A3FF-4B49686D6C19}.Release|iPhone.ActiveCfg = Release|x64
		{61977F87-1849-47EB-A3FF-4B49686D6C19}.Release|iPhone.Build.0 = Release|x64
		{61977F87-1849-47EB-A3FF-4B49686D6C19}.Release|iPhone.Deploy.0 = Release|x64
		{61977F87-1849-47EB-A3FF-4B49686D6C19}.Release|iPhoneSimulator.ActiveCfg = Release|x64
		{61977F87-1849-47EB-A3FF-4B49686D6C19}.Release|iPhoneSimulator.Build.0 = Release|x64
		{61977F87-1849-47EB-A3FF-4B49686D6C19}.Release|iPhoneSimulator.Deploy.0 = Release|x64
		{61977F87-1849-47EB-A3FF-4B49686D6C19}.Release|x64.ActiveCfg = Release|x64
		{61977F87-1849-47EB-A3FF-4B49686D6C19}.Release|x64.Build.0 = Release|x64
		{61977F87-1849-47EB-A3FF-4B49686D6C19}.Release|x64.Deploy.0 = Release|x64
		{61977F87-1849-47EB-A3FF-4B49686D6C19}.Release|x86.ActiveCfg = Release|x86
		{61977F87-1849-47EB-A3FF-4B49686D6C19}.Release|x86.Build.0 = Release|x86
		{61977F87-1849-47EB-A3FF-4B49686D6C19}.Release|x86.Deploy.0 = Release|x86
		{27BB51BE-CD5B-4E79-816C-284136BD0208}.Debug|Any CPU.ActiveCfg = Debug|Any CPU
		{27BB51BE-CD5B-4E79-816C-284136BD0208}.Debug|Any CPU.Build.0 = Debug|Any CPU
		{27BB51BE-CD5B-4E79-816C-284136BD0208}.Debug|Any CPU.Deploy.0 = Debug|Any CPU
		{27BB51BE-CD5B-4E79-816C-284136BD0208}.Debug|ARM.ActiveCfg = Debug|Any CPU
		{27BB51BE-CD5B-4E79-816C-284136BD0208}.Debug|ARM.Build.0 = Debug|Any CPU
		{27BB51BE-CD5B-4E79-816C-284136BD0208}.Debug|ARM.Deploy.0 = Debug|Any CPU
		{27BB51BE-CD5B-4E79-816C-284136BD0208}.Debug|iPhone.ActiveCfg = Debug|Any CPU
		{27BB51BE-CD5B-4E79-816C-284136BD0208}.Debug|iPhone.Build.0 = Debug|Any CPU
		{27BB51BE-CD5B-4E79-816C-284136BD0208}.Debug|iPhone.Deploy.0 = Debug|Any CPU
		{27BB51BE-CD5B-4E79-816C-284136BD0208}.Debug|iPhoneSimulator.ActiveCfg = Debug|Any CPU
		{27BB51BE-CD5B-4E79-816C-284136BD0208}.Debug|iPhoneSimulator.Build.0 = Debug|Any CPU
		{27BB51BE-CD5B-4E79-816C-284136BD0208}.Debug|iPhoneSimulator.Deploy.0 = Debug|Any CPU
		{27BB51BE-CD5B-4E79-816C-284136BD0208}.Debug|x64.ActiveCfg = Debug|Any CPU
		{27BB51BE-CD5B-4E79-816C-284136BD0208}.Debug|x64.Build.0 = Debug|Any CPU
		{27BB51BE-CD5B-4E79-816C-284136BD0208}.Debug|x64.Deploy.0 = Debug|Any CPU
		{27BB51BE-CD5B-4E79-816C-284136BD0208}.Debug|x86.ActiveCfg = Debug|Any CPU
		{27BB51BE-CD5B-4E79-816C-284136BD0208}.Debug|x86.Build.0 = Debug|Any CPU
		{27BB51BE-CD5B-4E79-816C-284136BD0208}.Debug|x86.Deploy.0 = Debug|Any CPU
		{27BB51BE-CD5B-4E79-816C-284136BD0208}.Release|Any CPU.ActiveCfg = Release|Any CPU
		{27BB51BE-CD5B-4E79-816C-284136BD0208}.Release|Any CPU.Build.0 = Release|Any CPU
		{27BB51BE-CD5B-4E79-816C-284136BD0208}.Release|Any CPU.Deploy.0 = Release|Any CPU
		{27BB51BE-CD5B-4E79-816C-284136BD0208}.Release|ARM.ActiveCfg = Release|Any CPU
		{27BB51BE-CD5B-4E79-816C-284136BD0208}.Release|ARM.Build.0 = Release|Any CPU
		{27BB51BE-CD5B-4E79-816C-284136BD0208}.Release|ARM.Deploy.0 = Release|Any CPU
		{27BB51BE-CD5B-4E79-816C-284136BD0208}.Release|iPhone.ActiveCfg = Release|Any CPU
		{27BB51BE-CD5B-4E79-816C-284136BD0208}.Release|iPhone.Build.0 = Release|Any CPU
		{27BB51BE-CD5B-4E79-816C-284136BD0208}.Release|iPhone.Deploy.0 = Release|Any CPU
		{27BB51BE-CD5B-4E79-816C-284136BD0208}.Release|iPhoneSimulator.ActiveCfg = Release|Any CPU
		{27BB51BE-CD5B-4E79-816C-284136BD0208}.Release|iPhoneSimulator.Build.0 = Release|Any CPU
		{27BB51BE-CD5B-4E79-816C-284136BD0208}.Release|iPhoneSimulator.Deploy.0 = Release|Any CPU
		{27BB51BE-CD5B-4E79-816C-284136BD0208}.Release|x64.ActiveCfg = Release|Any CPU
		{27BB51BE-CD5B-4E79-816C-284136BD0208}.Release|x64.Build.0 = Release|Any CPU
		{27BB51BE-CD5B-4E79-816C-284136BD0208}.Release|x64.Deploy.0 = Release|Any CPU
		{27BB51BE-CD5B-4E79-816C-284136BD0208}.Release|x86.ActiveCfg = Release|Any CPU
		{27BB51BE-CD5B-4E79-816C-284136BD0208}.Release|x86.Build.0 = Release|Any CPU
		{27BB51BE-CD5B-4E79-816C-284136BD0208}.Release|x86.Deploy.0 = Release|Any CPU
		{D0FFEFC8-D145-4438-8719-1AA561683F1A}.Debug|Any CPU.ActiveCfg = Debug|iPhoneSimulator
		{D0FFEFC8-D145-4438-8719-1AA561683F1A}.Debug|Any CPU.Build.0 = Debug|iPhoneSimulator
		{D0FFEFC8-D145-4438-8719-1AA561683F1A}.Debug|Any CPU.Deploy.0 = Debug|iPhoneSimulator
		{D0FFEFC8-D145-4438-8719-1AA561683F1A}.Debug|ARM.ActiveCfg = Debug|iPhoneSimulator
		{D0FFEFC8-D145-4438-8719-1AA561683F1A}.Debug|ARM.Build.0 = Debug|iPhoneSimulator
		{D0FFEFC8-D145-4438-8719-1AA561683F1A}.Debug|ARM.Deploy.0 = Debug|iPhoneSimulator
		{D0FFEFC8-D145-4438-8719-1AA561683F1A}.Debug|iPhone.ActiveCfg = Debug|iPhone
		{D0FFEFC8-D145-4438-8719-1AA561683F1A}.Debug|iPhone.Build.0 = Debug|iPhone
		{D0FFEFC8-D145-4438-8719-1AA561683F1A}.Debug|iPhone.Deploy.0 = Debug|iPhone
		{D0FFEFC8-D145-4438-8719-1AA561683F1A}.Debug|iPhoneSimulator.ActiveCfg = Debug|iPhoneSimulator
		{D0FFEFC8-D145-4438-8719-1AA561683F1A}.Debug|iPhoneSimulator.Build.0 = Debug|iPhoneSimulator
		{D0FFEFC8-D145-4438-8719-1AA561683F1A}.Debug|iPhoneSimulator.Deploy.0 = Debug|iPhoneSimulator
		{D0FFEFC8-D145-4438-8719-1AA561683F1A}.Debug|x64.ActiveCfg = Debug|iPhone
		{D0FFEFC8-D145-4438-8719-1AA561683F1A}.Debug|x64.Build.0 = Debug|iPhone
		{D0FFEFC8-D145-4438-8719-1AA561683F1A}.Debug|x64.Deploy.0 = Debug|iPhone
		{D0FFEFC8-D145-4438-8719-1AA561683F1A}.Debug|x86.ActiveCfg = Debug|iPhoneSimulator
		{D0FFEFC8-D145-4438-8719-1AA561683F1A}.Debug|x86.Build.0 = Debug|iPhoneSimulator
		{D0FFEFC8-D145-4438-8719-1AA561683F1A}.Debug|x86.Deploy.0 = Debug|iPhoneSimulator
		{D0FFEFC8-D145-4438-8719-1AA561683F1A}.Release|Any CPU.ActiveCfg = Release|iPhoneSimulator
		{D0FFEFC8-D145-4438-8719-1AA561683F1A}.Release|Any CPU.Build.0 = Release|iPhoneSimulator
		{D0FFEFC8-D145-4438-8719-1AA561683F1A}.Release|Any CPU.Deploy.0 = Release|iPhoneSimulator
		{D0FFEFC8-D145-4438-8719-1AA561683F1A}.Release|ARM.ActiveCfg = Release|iPhoneSimulator
		{D0FFEFC8-D145-4438-8719-1AA561683F1A}.Release|ARM.Build.0 = Release|iPhoneSimulator
		{D0FFEFC8-D145-4438-8719-1AA561683F1A}.Release|ARM.Deploy.0 = Release|iPhoneSimulator
		{D0FFEFC8-D145-4438-8719-1AA561683F1A}.Release|iPhone.ActiveCfg = Release|iPhone
		{D0FFEFC8-D145-4438-8719-1AA561683F1A}.Release|iPhone.Build.0 = Release|iPhone
		{D0FFEFC8-D145-4438-8719-1AA561683F1A}.Release|iPhone.Deploy.0 = Release|iPhone
		{D0FFEFC8-D145-4438-8719-1AA561683F1A}.Release|iPhoneSimulator.ActiveCfg = Release|iPhoneSimulator
		{D0FFEFC8-D145-4438-8719-1AA561683F1A}.Release|iPhoneSimulator.Build.0 = Release|iPhoneSimulator
		{D0FFEFC8-D145-4438-8719-1AA561683F1A}.Release|iPhoneSimulator.Deploy.0 = Release|iPhoneSimulator
		{D0FFEFC8-D145-4438-8719-1AA561683F1A}.Release|x64.ActiveCfg = Release|iPhoneSimulator
		{D0FFEFC8-D145-4438-8719-1AA561683F1A}.Release|x64.Build.0 = Release|iPhoneSimulator
		{D0FFEFC8-D145-4438-8719-1AA561683F1A}.Release|x64.Deploy.0 = Release|iPhoneSimulator
		{D0FFEFC8-D145-4438-8719-1AA561683F1A}.Release|x86.ActiveCfg = Release|iPhoneSimulator
		{D0FFEFC8-D145-4438-8719-1AA561683F1A}.Release|x86.Build.0 = Release|iPhoneSimulator
		{D0FFEFC8-D145-4438-8719-1AA561683F1A}.Release|x86.Deploy.0 = Release|iPhoneSimulator
		{2C4062BF-D642-425C-BE82-41D40771BD81}.Debug|Any CPU.ActiveCfg = Debug|Any CPU
		{2C4062BF-D642-425C-BE82-41D40771BD81}.Debug|Any CPU.Build.0 = Debug|Any CPU
		{2C4062BF-D642-425C-BE82-41D40771BD81}.Debug|Any CPU.Deploy.0 = Debug|Any CPU
		{2C4062BF-D642-425C-BE82-41D40771BD81}.Debug|ARM.ActiveCfg = Debug|Any CPU
		{2C4062BF-D642-425C-BE82-41D40771BD81}.Debug|ARM.Build.0 = Debug|Any CPU
		{2C4062BF-D642-425C-BE82-41D40771BD81}.Debug|ARM.Deploy.0 = Debug|Any CPU
		{2C4062BF-D642-425C-BE82-41D40771BD81}.Debug|iPhone.ActiveCfg = Debug|Any CPU
		{2C4062BF-D642-425C-BE82-41D40771BD81}.Debug|iPhone.Build.0 = Debug|Any CPU
		{2C4062BF-D642-425C-BE82-41D40771BD81}.Debug|iPhone.Deploy.0 = Debug|Any CPU
		{2C4062BF-D642-425C-BE82-41D40771BD81}.Debug|iPhoneSimulator.ActiveCfg = Debug|Any CPU
		{2C4062BF-D642-425C-BE82-41D40771BD81}.Debug|iPhoneSimulator.Build.0 = Debug|Any CPU
		{2C4062BF-D642-425C-BE82-41D40771BD81}.Debug|iPhoneSimulator.Deploy.0 = Debug|Any CPU
		{2C4062BF-D642-425C-BE82-41D40771BD81}.Debug|x64.ActiveCfg = Debug|Any CPU
		{2C4062BF-D642-425C-BE82-41D40771BD81}.Debug|x64.Build.0 = Debug|Any CPU
		{2C4062BF-D642-425C-BE82-41D40771BD81}.Debug|x64.Deploy.0 = Debug|Any CPU
		{2C4062BF-D642-425C-BE82-41D40771BD81}.Debug|x86.ActiveCfg = Debug|Any CPU
		{2C4062BF-D642-425C-BE82-41D40771BD81}.Debug|x86.Build.0 = Debug|Any CPU
		{2C4062BF-D642-425C-BE82-41D40771BD81}.Debug|x86.Deploy.0 = Debug|Any CPU
		{2C4062BF-D642-425C-BE82-41D40771BD81}.Release|Any CPU.ActiveCfg = Release|Any CPU
		{2C4062BF-D642-425C-BE82-41D40771BD81}.Release|Any CPU.Build.0 = Release|Any CPU
		{2C4062BF-D642-425C-BE82-41D40771BD81}.Release|Any CPU.Deploy.0 = Release|Any CPU
		{2C4062BF-D642-425C-BE82-41D40771BD81}.Release|ARM.ActiveCfg = Release|Any CPU
		{2C4062BF-D642-425C-BE82-41D40771BD81}.Release|ARM.Build.0 = Release|Any CPU
		{2C4062BF-D642-425C-BE82-41D40771BD81}.Release|ARM.Deploy.0 = Release|Any CPU
		{2C4062BF-D642-425C-BE82-41D40771BD81}.Release|iPhone.ActiveCfg = Release|Any CPU
		{2C4062BF-D642-425C-BE82-41D40771BD81}.Release|iPhone.Build.0 = Release|Any CPU
		{2C4062BF-D642-425C-BE82-41D40771BD81}.Release|iPhone.Deploy.0 = Release|Any CPU
		{2C4062BF-D642-425C-BE82-41D40771BD81}.Release|iPhoneSimulator.ActiveCfg = Release|Any CPU
		{2C4062BF-D642-425C-BE82-41D40771BD81}.Release|iPhoneSimulator.Build.0 = Release|Any CPU
		{2C4062BF-D642-425C-BE82-41D40771BD81}.Release|iPhoneSimulator.Deploy.0 = Release|Any CPU
		{2C4062BF-D642-425C-BE82-41D40771BD81}.Release|x64.ActiveCfg = Release|Any CPU
		{2C4062BF-D642-425C-BE82-41D40771BD81}.Release|x64.Build.0 = Release|Any CPU
		{2C4062BF-D642-425C-BE82-41D40771BD81}.Release|x64.Deploy.0 = Release|Any CPU
		{2C4062BF-D642-425C-BE82-41D40771BD81}.Release|x86.ActiveCfg = Release|Any CPU
		{2C4062BF-D642-425C-BE82-41D40771BD81}.Release|x86.Build.0 = Release|Any CPU
		{2C4062BF-D642-425C-BE82-41D40771BD81}.Release|x86.Deploy.0 = Release|Any CPU
	EndGlobalSection
	GlobalSection(SolutionProperties) = preSolution
		HideSolutionNode = FALSE
	EndGlobalSection
	GlobalSection(ExtensibilityGlobals) = postSolution
		SolutionGuid = {2D69E47B-49B9-4E6A-81AD-5D39C862C744}
	EndGlobalSection
EndGlobal
